
Microsoft Visual Studio Solution File, Format Version 12.00
# Visual Studio 14
VisualStudioVersion = 14.0.25420.1
MinimumVisualStudioVersion = 10.0.40219.1
Project("{2150E333-8FDC-42A3-9474-1A3956D46DE8}") = "Manual", "Manual", "{E079C003-C850-4826-AE58-B7A8CD4DBB67}"
	ProjectSection(SolutionItems) = preProject
		Manual\build.cmd = Manual\build.cmd
		Manual\main.c = Manual\main.c
		Manual\make.mak = Manual\make.mak
	EndProjectSection
EndProject
Project("{2150E333-8FDC-42A3-9474-1A3956D46DE8}") = "Cpp_Language", "Cpp_Language", "{AFBFCB7C-FEAF-493B-A327-FC4DA52F1948}"
EndProject
Project("{2150E333-8FDC-42A3-9474-1A3956D46DE8}") = "Libraries", "Libraries", "{24B1AC37-70C0-4031-825B-F9A75D2BA024}"
EndProject
Project("{2150E333-8FDC-42A3-9474-1A3956D46DE8}") = "Patterns", "Patterns", "{36BC8D6D-E2AC-4F25-BA01-4AA6F65FEE9B}"
EndProject
Project("{2150E333-8FDC-42A3-9474-1A3956D46DE8}") = "UnitTesting", "UnitTesting", "{719F9C21-CC1B-49C6-9F57-69574299DA62}"
EndProject
Project("{8BC9CEB8-8B4A-11D0-8D11-00A0C91BC942}") = "08_Arrays", "Arrays\Arrays.vcxproj", "{D8EB3ACB-D226-4D8B-B27F-51BBB2CF7481}"
EndProject
Project("{8BC9CEB8-8B4A-11D0-8D11-00A0C91BC942}") = "03_BasicTypes", "BasicTypes\BasicTypes.vcxproj", "{BB1AF958-A561-4A89-AB5B-4A1EF23C9B3B}"
EndProject
Project("{8BC9CEB8-8B4A-11D0-8D11-00A0C91BC942}") = "13_Classes", "Classes\Classes.vcxproj", "{6B08A684-A9F3-4688-AF11-BB0E47E8D9A3}"
EndProject
Project("{8BC9CEB8-8B4A-11D0-8D11-00A0C91BC942}") = "01_ConsoleIO", "ConsoleIO\ConsoleIO.vcxproj", "{B3FBDB63-8CFE-43D8-8FD2-C6DA235CA6D7}"
EndProject
Project("{8BC9CEB8-8B4A-11D0-8D11-00A0C91BC942}") = "06_ConstValues", "ConstValues\ConstValues.vcxproj", "{CFC40403-B6B6-4FB6-A4CB-C09F73E74455}"
EndProject
Project("{8BC9CEB8-8B4A-11D0-8D11-00A0C91BC942}") = "11_Data", "Data\Data.vcxproj", "{70917863-C1D0-4603-B3B4-838042D1C06B}"
EndProject
Project("{8BC9CEB8-8B4A-11D0-8D11-00A0C91BC942}") = "16_Dynamic", "Dynamic\Dynamic.vcxproj", "{C870FB1C-94A5-432E-9701-84025D850855}"
EndProject
Project("{8BC9CEB8-8B4A-11D0-8D11-00A0C91BC942}") = "12_FunctionPointer", "FunctionPointer\FunctionPointer.vcxproj", "{B8E55725-6C45-4C8C-8BE8-5ECF733A69EA}"
EndProject
Project("{8BC9CEB8-8B4A-11D0-8D11-00A0C91BC942}") = "00_HelloWorldC", "HelloWorldC\HelloWorldC.vcxproj", "{77022E97-16CB-40A3-83D3-5897E03E78DD}"
EndProject
Project("{8BC9CEB8-8B4A-11D0-8D11-00A0C91BC942}") = "00_HelloWorldCMakefile", "HelloWorldCMakefile\HelloWorldCMakefile.vcxproj", "{EC2A8DFB-B72D-4F3A-8415-B34D89BF0233}"
EndProject
Project("{8BC9CEB8-8B4A-11D0-8D11-00A0C91BC942}") = "14_Inheritance", "Inheritance\Inheritance.vcxproj", "{5ED00C74-55FC-4717-815B-62D0559BDFA2}"
EndProject
Project("{8BC9CEB8-8B4A-11D0-8D11-00A0C91BC942}") = "20_Lambda", "Lambda\Lambda.vcxproj", "{FFF6803A-8EDA-421E-98ED-1A39E77A1D4D}"
EndProject
Project("{8BC9CEB8-8B4A-11D0-8D11-00A0C91BC942}") = "18_Namespace", "Namespace\Namespace.vcxproj", "{9B0147F1-9097-4968-8881-00E0A8774F60}"
EndProject
Project("{8BC9CEB8-8B4A-11D0-8D11-00A0C91BC942}") = "05_Operations", "Operations\Operations.vcxproj", "{042A6EA9-88D0-41E6-9E11-0EA7BB18CDE7}"
EndProject
Project("{8BC9CEB8-8B4A-11D0-8D11-00A0C91BC942}") = "17_Operator", "Operator\Operator.vcxproj", "{103DD960-280E-40B1-B256-DF3064F79DD4}"
EndProject
Project("{8BC9CEB8-8B4A-11D0-8D11-00A0C91BC942}") = "09_PointerAndArrays", "PointerAndArrays\PointerAndArrays.vcxproj", "{09FDC8F9-819B-467F-966E-AFF71C6DEA96}"
EndProject
Project("{8BC9CEB8-8B4A-11D0-8D11-00A0C91BC942}") = "07_ProgramControl", "ProgramControl\ProgramControl.vcxproj", "{3F2CFC39-AFF4-4498-B467-5714A02221AC}"
EndProject
Project("{8BC9CEB8-8B4A-11D0-8D11-00A0C91BC942}") = "10_ReferenceAndValue", "ReferenceAndValue\ReferenceAndValue.vcxproj", "{7833BC15-6FA5-4BAE-8D86-3B1AE430AE3C}"
EndProject
Project("{8BC9CEB8-8B4A-11D0-8D11-00A0C91BC942}") = "04_Sizeof", "Sizeof\Sizeof.vcxproj", "{F09F5782-3F4D-47A0-A7F1-88C4E12EBE18}"
EndProject
Project("{8BC9CEB8-8B4A-11D0-8D11-00A0C91BC942}") = "02_Symbols", "Symbols\Symbols.vcxproj", "{AB5FDDA9-A738-4922-918C-361C91577714}"
EndProject
Project("{8BC9CEB8-8B4A-11D0-8D11-00A0C91BC942}") = "19_Template", "Template\Template.vcxproj", "{DC8149C3-8D25-4AF1-98CD-9F3A71CA7725}"
EndProject
Project("{8BC9CEB8-8B4A-11D0-8D11-00A0C91BC942}") = "15_Virtual", "Virtual\Virtual.vcxproj", "{B1477CA4-A836-47B1-BC92-E7CB57924F24}"
EndProject
Project("{8BC9CEB8-8B4A-11D0-8D11-00A0C91BC942}") = "04_DynamicExe", "DynamicExe\DynamicExe.vcxproj", "{BDAC6C37-7DF5-444D-A5FF-90AEFD708FFF}"
EndProject
Project("{8BC9CEB8-8B4A-11D0-8D11-00A0C91BC942}") = "03_DynamicLib", "DynamicLib\DynamicLib.vcxproj", "{5B5FE648-8A86-44F9-9BBE-BA917F8DB8F9}"
EndProject
Project("{8BC9CEB8-8B4A-11D0-8D11-00A0C91BC942}") = "05_FileIO", "FileIO\FileIO.vcxproj", "{CC9C4D7F-78CE-4D8F-A062-0679A1FCF15C}"
EndProject
Project("{8BC9CEB8-8B4A-11D0-8D11-00A0C91BC942}") = "07_Pointers", "Pointers\Pointers.vcxproj", "{EC6C43C9-5A67-46B6-A072-91B5C6D5F736}"
EndProject
Project("{8BC9CEB8-8B4A-11D0-8D11-00A0C91BC942}") = "02_StaticExe", "StaticExe\StaticExe.vcxproj", "{A7A9C3CD-B1A0-4DC7-B122-1B7DA95E2447}"
EndProject
Project("{8BC9CEB8-8B4A-11D0-8D11-00A0C91BC942}") = "01_StaticLib", "StaticLib\StaticLib.vcxproj", "{9B34598D-5134-42EF-9E97-94517A911DB8}"
EndProject
Project("{8BC9CEB8-8B4A-11D0-8D11-00A0C91BC942}") = "09_STL", "STL\STL.vcxproj", "{9AF11D16-AD35-4EAA-AE99-8DFC819FC3EB}"
EndProject
Project("{8BC9CEB8-8B4A-11D0-8D11-00A0C91BC942}") = "06_Strings", "Strings\Strings.vcxproj", "{210C5D95-51FB-4924-A923-A65D46BE2E33}"
EndProject
Project("{8BC9CEB8-8B4A-11D0-8D11-00A0C91BC942}") = "02_Composite", "Composite\Composite.vcxproj", "{F21F0190-9D2E-4A1A-8FA7-4403546A6737}"
EndProject
Project("{8BC9CEB8-8B4A-11D0-8D11-00A0C91BC942}") = "01_Fabric", "Fabric\Fabric.vcxproj", "{F875C01C-0157-4231-99C0-A1DDED0D03DC}"
EndProject
Project("{8BC9CEB8-8B4A-11D0-8D11-00A0C91BC942}") = "Converter", "Converter\Converter.vcxproj", "{E0392311-AA57-4383-9006-4C9F74A68F53}"
EndProject
Project("{8BC9CEB8-8B4A-11D0-8D11-00A0C91BC942}") = "ConverterUnitTest", "ConverterUnitTest\ConverterUnitTest.vcxproj", "{6CCAFA37-C7C3-4410-BE34-C3DA632B5AE3}"
EndProject
Project("{8BC9CEB8-8B4A-11D0-8D11-00A0C91BC942}") = "MockUnitTest", "MockUnitTest\MockUnitTest.vcxproj", "{FC7469EB-336D-4063-A68B-C536074821A7}"
EndProject
Project("{8BC9CEB8-8B4A-11D0-8D11-00A0C91BC942}") = "08_Threads", "Threads\Threads.vcxproj", "{57C65B43-6E62-4344-AD42-A3CB9C37C59F}"
EndProject
Global
	GlobalSection(SolutionConfigurationPlatforms) = preSolution
		Debug|Win32 = Debug|Win32
		Debug|x64 = Debug|x64
		Release|Win32 = Release|Win32
		Release|x64 = Release|x64
	EndGlobalSection
	GlobalSection(ProjectConfigurationPlatforms) = postSolution
		{D8EB3ACB-D226-4D8B-B27F-51BBB2CF7481}.Debug|Win32.ActiveCfg = Debug|Win32
		{D8EB3ACB-D226-4D8B-B27F-51BBB2CF7481}.Debug|Win32.Build.0 = Debug|Win32
		{D8EB3ACB-D226-4D8B-B27F-51BBB2CF7481}.Debug|x64.ActiveCfg = Debug|Win32
		{D8EB3ACB-D226-4D8B-B27F-51BBB2CF7481}.Release|Win32.ActiveCfg = Release|Win32
		{D8EB3ACB-D226-4D8B-B27F-51BBB2CF7481}.Release|Win32.Build.0 = Release|Win32
		{D8EB3ACB-D226-4D8B-B27F-51BBB2CF7481}.Release|x64.ActiveCfg = Release|Win32
		{BB1AF958-A561-4A89-AB5B-4A1EF23C9B3B}.Debug|Win32.ActiveCfg = Debug|Win32
		{BB1AF958-A561-4A89-AB5B-4A1EF23C9B3B}.Debug|Win32.Build.0 = Debug|Win32
		{BB1AF958-A561-4A89-AB5B-4A1EF23C9B3B}.Debug|x64.ActiveCfg = Debug|Win32
		{BB1AF958-A561-4A89-AB5B-4A1EF23C9B3B}.Release|Win32.ActiveCfg = Release|Win32
		{BB1AF958-A561-4A89-AB5B-4A1EF23C9B3B}.Release|Win32.Build.0 = Release|Win32
		{BB1AF958-A561-4A89-AB5B-4A1EF23C9B3B}.Release|x64.ActiveCfg = Release|Win32
		{6B08A684-A9F3-4688-AF11-BB0E47E8D9A3}.Debug|Win32.ActiveCfg = Debug|Win32
		{6B08A684-A9F3-4688-AF11-BB0E47E8D9A3}.Debug|Win32.Build.0 = Debug|Win32
		{6B08A684-A9F3-4688-AF11-BB0E47E8D9A3}.Debug|x64.ActiveCfg = Debug|Win32
		{6B08A684-A9F3-4688-AF11-BB0E47E8D9A3}.Release|Win32.ActiveCfg = Release|Win32
		{6B08A684-A9F3-4688-AF11-BB0E47E8D9A3}.Release|Win32.Build.0 = Release|Win32
		{6B08A684-A9F3-4688-AF11-BB0E47E8D9A3}.Release|x64.ActiveCfg = Release|Win32
		{B3FBDB63-8CFE-43D8-8FD2-C6DA235CA6D7}.Debug|Win32.ActiveCfg = Debug|Win32
		{B3FBDB63-8CFE-43D8-8FD2-C6DA235CA6D7}.Debug|Win32.Build.0 = Debug|Win32
		{B3FBDB63-8CFE-43D8-8FD2-C6DA235CA6D7}.Debug|x64.ActiveCfg = Debug|Win32
		{B3FBDB63-8CFE-43D8-8FD2-C6DA235CA6D7}.Release|Win32.ActiveCfg = Release|Win32
		{B3FBDB63-8CFE-43D8-8FD2-C6DA235CA6D7}.Release|Win32.Build.0 = Release|Win32
		{B3FBDB63-8CFE-43D8-8FD2-C6DA235CA6D7}.Release|x64.ActiveCfg = Release|Win32
		{CFC40403-B6B6-4FB6-A4CB-C09F73E74455}.Debug|Win32.ActiveCfg = Debug|Win32
		{CFC40403-B6B6-4FB6-A4CB-C09F73E74455}.Debug|Win32.Build.0 = Debug|Win32
		{CFC40403-B6B6-4FB6-A4CB-C09F73E74455}.Debug|x64.ActiveCfg = Debug|Win32
		{CFC40403-B6B6-4FB6-A4CB-C09F73E74455}.Release|Win32.ActiveCfg = Release|Win32
		{CFC40403-B6B6-4FB6-A4CB-C09F73E74455}.Release|Win32.Build.0 = Release|Win32
		{CFC40403-B6B6-4FB6-A4CB-C09F73E74455}.Release|x64.ActiveCfg = Release|Win32
		{70917863-C1D0-4603-B3B4-838042D1C06B}.Debug|Win32.ActiveCfg = Debug|Win32
		{70917863-C1D0-4603-B3B4-838042D1C06B}.Debug|Win32.Build.0 = Debug|Win32
		{70917863-C1D0-4603-B3B4-838042D1C06B}.Debug|x64.ActiveCfg = Debug|Win32
		{70917863-C1D0-4603-B3B4-838042D1C06B}.Release|Win32.ActiveCfg = Release|Win32
		{70917863-C1D0-4603-B3B4-838042D1C06B}.Release|Win32.Build.0 = Release|Win32
		{70917863-C1D0-4603-B3B4-838042D1C06B}.Release|x64.ActiveCfg = Release|Win32
		{C870FB1C-94A5-432E-9701-84025D850855}.Debug|Win32.ActiveCfg = Debug|Win32
		{C870FB1C-94A5-432E-9701-84025D850855}.Debug|Win32.Build.0 = Debug|Win32
		{C870FB1C-94A5-432E-9701-84025D850855}.Debug|x64.ActiveCfg = Debug|Win32
		{C870FB1C-94A5-432E-9701-84025D850855}.Release|Win32.ActiveCfg = Release|Win32
		{C870FB1C-94A5-432E-9701-84025D850855}.Release|Win32.Build.0 = Release|Win32
		{C870FB1C-94A5-432E-9701-84025D850855}.Release|x64.ActiveCfg = Release|Win32
		{B8E55725-6C45-4C8C-8BE8-5ECF733A69EA}.Debug|Win32.ActiveCfg = Debug|Win32
		{B8E55725-6C45-4C8C-8BE8-5ECF733A69EA}.Debug|Win32.Build.0 = Debug|Win32
		{B8E55725-6C45-4C8C-8BE8-5ECF733A69EA}.Debug|x64.ActiveCfg = Debug|Win32
		{B8E55725-6C45-4C8C-8BE8-5ECF733A69EA}.Release|Win32.ActiveCfg = Release|Win32
		{B8E55725-6C45-4C8C-8BE8-5ECF733A69EA}.Release|Win32.Build.0 = Release|Win32
		{B8E55725-6C45-4C8C-8BE8-5ECF733A69EA}.Release|x64.ActiveCfg = Release|Win32
		{77022E97-16CB-40A3-83D3-5897E03E78DD}.Debug|Win32.ActiveCfg = Debug|Win32
		{77022E97-16CB-40A3-83D3-5897E03E78DD}.Debug|Win32.Build.0 = Debug|Win32
		{77022E97-16CB-40A3-83D3-5897E03E78DD}.Debug|x64.ActiveCfg = Debug|Win32
		{77022E97-16CB-40A3-83D3-5897E03E78DD}.Release|Win32.ActiveCfg = Release|Win32
		{77022E97-16CB-40A3-83D3-5897E03E78DD}.Release|Win32.Build.0 = Release|Win32
		{77022E97-16CB-40A3-83D3-5897E03E78DD}.Release|x64.ActiveCfg = Release|Win32
		{EC2A8DFB-B72D-4F3A-8415-B34D89BF0233}.Debug|Win32.ActiveCfg = Debug|Win32
		{EC2A8DFB-B72D-4F3A-8415-B34D89BF0233}.Debug|Win32.Build.0 = Debug|Win32
		{EC2A8DFB-B72D-4F3A-8415-B34D89BF0233}.Debug|x64.ActiveCfg = Debug|Win32
		{EC2A8DFB-B72D-4F3A-8415-B34D89BF0233}.Release|Win32.ActiveCfg = Release|Win32
		{EC2A8DFB-B72D-4F3A-8415-B34D89BF0233}.Release|Win32.Build.0 = Release|Win32
		{EC2A8DFB-B72D-4F3A-8415-B34D89BF0233}.Release|x64.ActiveCfg = Release|Win32
		{5ED00C74-55FC-4717-815B-62D0559BDFA2}.Debug|Win32.ActiveCfg = Debug|Win32
		{5ED00C74-55FC-4717-815B-62D0559BDFA2}.Debug|Win32.Build.0 = Debug|Win32
		{5ED00C74-55FC-4717-815B-62D0559BDFA2}.Debug|x64.ActiveCfg = Debug|Win32
		{5ED00C74-55FC-4717-815B-62D0559BDFA2}.Release|Win32.ActiveCfg = Release|Win32
		{5ED00C74-55FC-4717-815B-62D0559BDFA2}.Release|Win32.Build.0 = Release|Win32
		{5ED00C74-55FC-4717-815B-62D0559BDFA2}.Release|x64.ActiveCfg = Release|Win32
		{FFF6803A-8EDA-421E-98ED-1A39E77A1D4D}.Debug|Win32.ActiveCfg = Debug|Win32
		{FFF6803A-8EDA-421E-98ED-1A39E77A1D4D}.Debug|Win32.Build.0 = Debug|Win32
		{FFF6803A-8EDA-421E-98ED-1A39E77A1D4D}.Debug|x64.ActiveCfg = Debug|Win32
		{FFF6803A-8EDA-421E-98ED-1A39E77A1D4D}.Release|Win32.ActiveCfg = Release|Win32
		{FFF6803A-8EDA-421E-98ED-1A39E77A1D4D}.Release|Win32.Build.0 = Release|Win32
		{FFF6803A-8EDA-421E-98ED-1A39E77A1D4D}.Release|x64.ActiveCfg = Release|Win32
		{9B0147F1-9097-4968-8881-00E0A8774F60}.Debug|Win32.ActiveCfg = Debug|Win32
		{9B0147F1-9097-4968-8881-00E0A8774F60}.Debug|Win32.Build.0 = Debug|Win32
		{9B0147F1-9097-4968-8881-00E0A8774F60}.Debug|x64.ActiveCfg = Debug|Win32
		{9B0147F1-9097-4968-8881-00E0A8774F60}.Release|Win32.ActiveCfg = Release|Win32
		{9B0147F1-9097-4968-8881-00E0A8774F60}.Release|Win32.Build.0 = Release|Win32
		{9B0147F1-9097-4968-8881-00E0A8774F60}.Release|x64.ActiveCfg = Release|Win32
		{042A6EA9-88D0-41E6-9E11-0EA7BB18CDE7}.Debug|Win32.ActiveCfg = Debug|Win32
		{042A6EA9-88D0-41E6-9E11-0EA7BB18CDE7}.Debug|Win32.Build.0 = Debug|Win32
		{042A6EA9-88D0-41E6-9E11-0EA7BB18CDE7}.Debug|x64.ActiveCfg = Debug|Win32
		{042A6EA9-88D0-41E6-9E11-0EA7BB18CDE7}.Release|Win32.ActiveCfg = Release|Win32
		{042A6EA9-88D0-41E6-9E11-0EA7BB18CDE7}.Release|Win32.Build.0 = Release|Win32
		{042A6EA9-88D0-41E6-9E11-0EA7BB18CDE7}.Release|x64.ActiveCfg = Release|Win32
		{103DD960-280E-40B1-B256-DF3064F79DD4}.Debug|Win32.ActiveCfg = Debug|Win32
		{103DD960-280E-40B1-B256-DF3064F79DD4}.Debug|Win32.Build.0 = Debug|Win32
		{103DD960-280E-40B1-B256-DF3064F79DD4}.Debug|x64.ActiveCfg = Debug|Win32
		{103DD960-280E-40B1-B256-DF3064F79DD4}.Release|Win32.ActiveCfg = Release|Win32
		{103DD960-280E-40B1-B256-DF3064F79DD4}.Release|Win32.Build.0 = Release|Win32
		{103DD960-280E-40B1-B256-DF3064F79DD4}.Release|x64.ActiveCfg = Release|Win32
		{09FDC8F9-819B-467F-966E-AFF71C6DEA96}.Debug|Win32.ActiveCfg = Debug|Win32
		{09FDC8F9-819B-467F-966E-AFF71C6DEA96}.Debug|Win32.Build.0 = Debug|Win32
		{09FDC8F9-819B-467F-966E-AFF71C6DEA96}.Debug|x64.ActiveCfg = Debug|Win32
		{09FDC8F9-819B-467F-966E-AFF71C6DEA96}.Release|Win32.ActiveCfg = Release|Win32
		{09FDC8F9-819B-467F-966E-AFF71C6DEA96}.Release|Win32.Build.0 = Release|Win32
		{09FDC8F9-819B-467F-966E-AFF71C6DEA96}.Release|x64.ActiveCfg = Release|Win32
		{3F2CFC39-AFF4-4498-B467-5714A02221AC}.Debug|Win32.ActiveCfg = Debug|Win32
		{3F2CFC39-AFF4-4498-B467-5714A02221AC}.Debug|Win32.Build.0 = Debug|Win32
		{3F2CFC39-AFF4-4498-B467-5714A02221AC}.Debug|x64.ActiveCfg = Debug|Win32
		{3F2CFC39-AFF4-4498-B467-5714A02221AC}.Release|Win32.ActiveCfg = Release|Win32
		{3F2CFC39-AFF4-4498-B467-5714A02221AC}.Release|Win32.Build.0 = Release|Win32
		{3F2CFC39-AFF4-4498-B467-5714A02221AC}.Release|x64.ActiveCfg = Release|Win32
		{7833BC15-6FA5-4BAE-8D86-3B1AE430AE3C}.Debug|Win32.ActiveCfg = Debug|Win32
		{7833BC15-6FA5-4BAE-8D86-3B1AE430AE3C}.Debug|Win32.Build.0 = Debug|Win32
		{7833BC15-6FA5-4BAE-8D86-3B1AE430AE3C}.Debug|x64.ActiveCfg = Debug|Win32
		{7833BC15-6FA5-4BAE-8D86-3B1AE430AE3C}.Release|Win32.ActiveCfg = Release|Win32
		{7833BC15-6FA5-4BAE-8D86-3B1AE430AE3C}.Release|Win32.Build.0 = Release|Win32
		{7833BC15-6FA5-4BAE-8D86-3B1AE430AE3C}.Release|x64.ActiveCfg = Release|Win32
		{F09F5782-3F4D-47A0-A7F1-88C4E12EBE18}.Debug|Win32.ActiveCfg = Debug|Win32
		{F09F5782-3F4D-47A0-A7F1-88C4E12EBE18}.Debug|Win32.Build.0 = Debug|Win32
		{F09F5782-3F4D-47A0-A7F1-88C4E12EBE18}.Debug|x64.ActiveCfg = Debug|Win32
		{F09F5782-3F4D-47A0-A7F1-88C4E12EBE18}.Release|Win32.ActiveCfg = Release|Win32
		{F09F5782-3F4D-47A0-A7F1-88C4E12EBE18}.Release|Win32.Build.0 = Release|Win32
		{F09F5782-3F4D-47A0-A7F1-88C4E12EBE18}.Release|x64.ActiveCfg = Release|Win32
		{AB5FDDA9-A738-4922-918C-361C91577714}.Debug|Win32.ActiveCfg = Debug|Win32
		{AB5FDDA9-A738-4922-918C-361C91577714}.Debug|Win32.Build.0 = Debug|Win32
		{AB5FDDA9-A738-4922-918C-361C91577714}.Debug|x64.ActiveCfg = Debug|Win32
		{AB5FDDA9-A738-4922-918C-361C91577714}.Release|Win32.ActiveCfg = Release|Win32
		{AB5FDDA9-A738-4922-918C-361C91577714}.Release|Win32.Build.0 = Release|Win32
		{AB5FDDA9-A738-4922-918C-361C91577714}.Release|x64.ActiveCfg = Release|Win32
		{DC8149C3-8D25-4AF1-98CD-9F3A71CA7725}.Debug|Win32.ActiveCfg = Debug|Win32
		{DC8149C3-8D25-4AF1-98CD-9F3A71CA7725}.Debug|Win32.Build.0 = Debug|Win32
		{DC8149C3-8D25-4AF1-98CD-9F3A71CA7725}.Debug|x64.ActiveCfg = Debug|Win32
		{DC8149C3-8D25-4AF1-98CD-9F3A71CA7725}.Release|Win32.ActiveCfg = Release|Win32
		{DC8149C3-8D25-4AF1-98CD-9F3A71CA7725}.Release|Win32.Build.0 = Release|Win32
		{DC8149C3-8D25-4AF1-98CD-9F3A71CA7725}.Release|x64.ActiveCfg = Release|Win32
		{B1477CA4-A836-47B1-BC92-E7CB57924F24}.Debug|Win32.ActiveCfg = Debug|Win32
		{B1477CA4-A836-47B1-BC92-E7CB57924F24}.Debug|Win32.Build.0 = Debug|Win32
		{B1477CA4-A836-47B1-BC92-E7CB57924F24}.Debug|x64.ActiveCfg = Debug|Win32
		{B1477CA4-A836-47B1-BC92-E7CB57924F24}.Release|Win32.ActiveCfg = Release|Win32
		{B1477CA4-A836-47B1-BC92-E7CB57924F24}.Release|Win32.Build.0 = Release|Win32
		{B1477CA4-A836-47B1-BC92-E7CB57924F24}.Release|x64.ActiveCfg = Release|Win32
		{BDAC6C37-7DF5-444D-A5FF-90AEFD708FFF}.Debug|Win32.ActiveCfg = Debug|Win32
		{BDAC6C37-7DF5-444D-A5FF-90AEFD708FFF}.Debug|Win32.Build.0 = Debug|Win32
		{BDAC6C37-7DF5-444D-A5FF-90AEFD708FFF}.Debug|x64.ActiveCfg = Debug|Win32
		{BDAC6C37-7DF5-444D-A5FF-90AEFD708FFF}.Release|Win32.ActiveCfg = Release|Win32
		{BDAC6C37-7DF5-444D-A5FF-90AEFD708FFF}.Release|Win32.Build.0 = Release|Win32
		{BDAC6C37-7DF5-444D-A5FF-90AEFD708FFF}.Release|x64.ActiveCfg = Release|Win32
		{5B5FE648-8A86-44F9-9BBE-BA917F8DB8F9}.Debug|Win32.ActiveCfg = Debug|Win32
		{5B5FE648-8A86-44F9-9BBE-BA917F8DB8F9}.Debug|Win32.Build.0 = Debug|Win32
		{5B5FE648-8A86-44F9-9BBE-BA917F8DB8F9}.Debug|x64.ActiveCfg = Debug|Win32
		{5B5FE648-8A86-44F9-9BBE-BA917F8DB8F9}.Release|Win32.ActiveCfg = Release|Win32
		{5B5FE648-8A86-44F9-9BBE-BA917F8DB8F9}.Release|Win32.Build.0 = Release|Win32
		{5B5FE648-8A86-44F9-9BBE-BA917F8DB8F9}.Release|x64.ActiveCfg = Release|Win32
		{CC9C4D7F-78CE-4D8F-A062-0679A1FCF15C}.Debug|Win32.ActiveCfg = Debug|Win32
		{CC9C4D7F-78CE-4D8F-A062-0679A1FCF15C}.Debug|Win32.Build.0 = Debug|Win32
		{CC9C4D7F-78CE-4D8F-A062-0679A1FCF15C}.Debug|x64.ActiveCfg = Debug|Win32
		{CC9C4D7F-78CE-4D8F-A062-0679A1FCF15C}.Release|Win32.ActiveCfg = Release|Win32
		{CC9C4D7F-78CE-4D8F-A062-0679A1FCF15C}.Release|Win32.Build.0 = Release|Win32
		{CC9C4D7F-78CE-4D8F-A062-0679A1FCF15C}.Release|x64.ActiveCfg = Release|Win32
		{EC6C43C9-5A67-46B6-A072-91B5C6D5F736}.Debug|Win32.ActiveCfg = Debug|Win32
		{EC6C43C9-5A67-46B6-A072-91B5C6D5F736}.Debug|Win32.Build.0 = Debug|Win32
		{EC6C43C9-5A67-46B6-A072-91B5C6D5F736}.Debug|x64.ActiveCfg = Debug|Win32
		{EC6C43C9-5A67-46B6-A072-91B5C6D5F736}.Release|Win32.ActiveCfg = Release|Win32
		{EC6C43C9-5A67-46B6-A072-91B5C6D5F736}.Release|Win32.Build.0 = Release|Win32
		{EC6C43C9-5A67-46B6-A072-91B5C6D5F736}.Release|x64.ActiveCfg = Release|Win32
		{A7A9C3CD-B1A0-4DC7-B122-1B7DA95E2447}.Debug|Win32.ActiveCfg = Debug|Win32
		{A7A9C3CD-B1A0-4DC7-B122-1B7DA95E2447}.Debug|Win32.Build.0 = Debug|Win32
		{A7A9C3CD-B1A0-4DC7-B122-1B7DA95E2447}.Debug|x64.ActiveCfg = Debug|Win32
		{A7A9C3CD-B1A0-4DC7-B122-1B7DA95E2447}.Release|Win32.ActiveCfg = Release|Win32
		{A7A9C3CD-B1A0-4DC7-B122-1B7DA95E2447}.Release|Win32.Build.0 = Release|Win32
		{A7A9C3CD-B1A0-4DC7-B122-1B7DA95E2447}.Release|x64.ActiveCfg = Release|Win32
		{9B34598D-5134-42EF-9E97-94517A911DB8}.Debug|Win32.ActiveCfg = Debug|Win32
		{9B34598D-5134-42EF-9E97-94517A911DB8}.Debug|Win32.Build.0 = Debug|Win32
		{9B34598D-5134-42EF-9E97-94517A911DB8}.Debug|x64.ActiveCfg = Debug|Win32
		{9B34598D-5134-42EF-9E97-94517A911DB8}.Release|Win32.ActiveCfg = Release|Win32
		{9B34598D-5134-42EF-9E97-94517A911DB8}.Release|Win32.Build.0 = Release|Win32
		{9B34598D-5134-42EF-9E97-94517A911DB8}.Release|x64.ActiveCfg = Release|Win32
		{9AF11D16-AD35-4EAA-AE99-8DFC819FC3EB}.Debug|Win32.ActiveCfg = Debug|Win32
		{9AF11D16-AD35-4EAA-AE99-8DFC819FC3EB}.Debug|Win32.Build.0 = Debug|Win32
		{9AF11D16-AD35-4EAA-AE99-8DFC819FC3EB}.Debug|x64.ActiveCfg = Debug|Win32
		{9AF11D16-AD35-4EAA-AE99-8DFC819FC3EB}.Release|Win32.ActiveCfg = Release|Win32
		{9AF11D16-AD35-4EAA-AE99-8DFC819FC3EB}.Release|Win32.Build.0 = Release|Win32
		{9AF11D16-AD35-4EAA-AE99-8DFC819FC3EB}.Release|x64.ActiveCfg = Release|Win32
		{210C5D95-51FB-4924-A923-A65D46BE2E33}.Debug|Win32.ActiveCfg = Debug|Win32
		{210C5D95-51FB-4924-A923-A65D46BE2E33}.Debug|Win32.Build.0 = Debug|Win32
		{210C5D95-51FB-4924-A923-A65D46BE2E33}.Debug|x64.ActiveCfg = Debug|Win32
		{210C5D95-51FB-4924-A923-A65D46BE2E33}.Release|Win32.ActiveCfg = Release|Win32
		{210C5D95-51FB-4924-A923-A65D46BE2E33}.Release|Win32.Build.0 = Release|Win32
		{210C5D95-51FB-4924-A923-A65D46BE2E33}.Release|x64.ActiveCfg = Release|Win32
		{F21F0190-9D2E-4A1A-8FA7-4403546A6737}.Debug|Win32.ActiveCfg = Debug|Win32
		{F21F0190-9D2E-4A1A-8FA7-4403546A6737}.Debug|Win32.Build.0 = Debug|Win32
		{F21F0190-9D2E-4A1A-8FA7-4403546A6737}.Debug|x64.ActiveCfg = Debug|Win32
		{F21F0190-9D2E-4A1A-8FA7-4403546A6737}.Release|Win32.ActiveCfg = Release|Win32
		{F21F0190-9D2E-4A1A-8FA7-4403546A6737}.Release|Win32.Build.0 = Release|Win32
		{F21F0190-9D2E-4A1A-8FA7-4403546A6737}.Release|x64.ActiveCfg = Release|Win32
		{F875C01C-0157-4231-99C0-A1DDED0D03DC}.Debug|Win32.ActiveCfg = Debug|Win32
		{F875C01C-0157-4231-99C0-A1DDED0D03DC}.Debug|Win32.Build.0 = Debug|Win32
		{F875C01C-0157-4231-99C0-A1DDED0D03DC}.Debug|x64.ActiveCfg = Debug|Win32
		{F875C01C-0157-4231-99C0-A1DDED0D03DC}.Release|Win32.ActiveCfg = Release|Win32
		{F875C01C-0157-4231-99C0-A1DDED0D03DC}.Release|Win32.Build.0 = Release|Win32
		{F875C01C-0157-4231-99C0-A1DDED0D03DC}.Release|x64.ActiveCfg = Release|Win32
		{E0392311-AA57-4383-9006-4C9F74A68F53}.Debug|Win32.ActiveCfg = Debug|Win32
		{E0392311-AA57-4383-9006-4C9F74A68F53}.Debug|Win32.Build.0 = Debug|Win32
		{E0392311-AA57-4383-9006-4C9F74A68F53}.Debug|x64.ActiveCfg = Debug|Win32
		{E0392311-AA57-4383-9006-4C9F74A68F53}.Release|Win32.ActiveCfg = Release|Win32
		{E0392311-AA57-4383-9006-4C9F74A68F53}.Release|Win32.Build.0 = Release|Win32
		{E0392311-AA57-4383-9006-4C9F74A68F53}.Release|x64.ActiveCfg = Release|Win32
		{6CCAFA37-C7C3-4410-BE34-C3DA632B5AE3}.Debug|Win32.ActiveCfg = Debug|Win32
		{6CCAFA37-C7C3-4410-BE34-C3DA632B5AE3}.Debug|Win32.Build.0 = Debug|Win32
		{6CCAFA37-C7C3-4410-BE34-C3DA632B5AE3}.Debug|x64.ActiveCfg = Debug|Win32
		{6CCAFA37-C7C3-4410-BE34-C3DA632B5AE3}.Release|Win32.ActiveCfg = Release|Win32
		{6CCAFA37-C7C3-4410-BE34-C3DA632B5AE3}.Release|Win32.Build.0 = Release|Win32
		{6CCAFA37-C7C3-4410-BE34-C3DA632B5AE3}.Release|x64.ActiveCfg = Release|Win32
		{FC7469EB-336D-4063-A68B-C536074821A7}.Debug|Win32.ActiveCfg = Debug|Win32
		{FC7469EB-336D-4063-A68B-C536074821A7}.Debug|Win32.Build.0 = Debug|Win32
		{FC7469EB-336D-4063-A68B-C536074821A7}.Debug|x64.ActiveCfg = Debug|Win32
		{FC7469EB-336D-4063-A68B-C536074821A7}.Release|Win32.ActiveCfg = Release|Win32
		{FC7469EB-336D-4063-A68B-C536074821A7}.Release|Win32.Build.0 = Release|Win32
		{FC7469EB-336D-4063-A68B-C536074821A7}.Release|x64.ActiveCfg = Release|Win32
		{57C65B43-6E62-4344-AD42-A3CB9C37C59F}.Debug|Win32.ActiveCfg = Debug|Win32
		{57C65B43-6E62-4344-AD42-A3CB9C37C59F}.Debug|Win32.Build.0 = Debug|Win32
		{57C65B43-6E62-4344-AD42-A3CB9C37C59F}.Debug|x64.ActiveCfg = Debug|x64
		{57C65B43-6E62-4344-AD42-A3CB9C37C59F}.Debug|x64.Build.0 = Debug|x64
		{57C65B43-6E62-4344-AD42-A3CB9C37C59F}.Release|Win32.ActiveCfg = Release|Win32
		{57C65B43-6E62-4344-AD42-A3CB9C37C59F}.Release|Win32.Build.0 = Release|Win32
		{57C65B43-6E62-4344-AD42-A3CB9C37C59F}.Release|x64.ActiveCfg = Release|x64
		{57C65B43-6E62-4344-AD42-A3CB9C37C59F}.Release|x64.Build.0 = Release|x64
	EndGlobalSection
	GlobalSection(SolutionProperties) = preSolution
		HideSolutionNode = FALSE
	EndGlobalSection
	GlobalSection(NestedProjects) = preSolution
		{D8EB3ACB-D226-4D8B-B27F-51BBB2CF7481} = {AFBFCB7C-FEAF-493B-A327-FC4DA52F1948}
		{BB1AF958-A561-4A89-AB5B-4A1EF23C9B3B} = {AFBFCB7C-FEAF-493B-A327-FC4DA52F1948}
		{6B08A684-A9F3-4688-AF11-BB0E47E8D9A3} = {AFBFCB7C-FEAF-493B-A327-FC4DA52F1948}
		{B3FBDB63-8CFE-43D8-8FD2-C6DA235CA6D7} = {AFBFCB7C-FEAF-493B-A327-FC4DA52F1948}
		{CFC40403-B6B6-4FB6-A4CB-C09F73E74455} = {AFBFCB7C-FEAF-493B-A327-FC4DA52F1948}
		{70917863-C1D0-4603-B3B4-838042D1C06B} = {AFBFCB7C-FEAF-493B-A327-FC4DA52F1948}
		{C870FB1C-94A5-432E-9701-84025D850855} = {AFBFCB7C-FEAF-493B-A327-FC4DA52F1948}
		{B8E55725-6C45-4C8C-8BE8-5ECF733A69EA} = {AFBFCB7C-FEAF-493B-A327-FC4DA52F1948}
		{77022E97-16CB-40A3-83D3-5897E03E78DD} = {AFBFCB7C-FEAF-493B-A327-FC4DA52F1948}
		{EC2A8DFB-B72D-4F3A-8415-B34D89BF0233} = {AFBFCB7C-FEAF-493B-A327-FC4DA52F1948}
		{5ED00C74-55FC-4717-815B-62D0559BDFA2} = {AFBFCB7C-FEAF-493B-A327-FC4DA52F1948}
		{FFF6803A-8EDA-421E-98ED-1A39E77A1D4D} = {AFBFCB7C-FEAF-493B-A327-FC4DA52F1948}
		{9B0147F1-9097-4968-8881-00E0A8774F60} = {AFBFCB7C-FEAF-493B-A327-FC4DA52F1948}
		{042A6EA9-88D0-41E6-9E11-0EA7BB18CDE7} = {AFBFCB7C-FEAF-493B-A327-FC4DA52F1948}
		{103DD960-280E-40B1-B256-DF3064F79DD4} = {AFBFCB7C-FEAF-493B-A327-FC4DA52F1948}
		{09FDC8F9-819B-467F-966E-AFF71C6DEA96} = {AFBFCB7C-FEAF-493B-A327-FC4DA52F1948}
		{3F2CFC39-AFF4-4498-B467-5714A02221AC} = {AFBFCB7C-FEAF-493B-A327-FC4DA52F1948}
		{7833BC15-6FA5-4BAE-8D86-3B1AE430AE3C} = {AFBFCB7C-FEAF-493B-A327-FC4DA52F1948}
		{F09F5782-3F4D-47A0-A7F1-88C4E12EBE18} = {AFBFCB7C-FEAF-493B-A327-FC4DA52F1948}
		{AB5FDDA9-A738-4922-918C-361C91577714} = {AFBFCB7C-FEAF-493B-A327-FC4DA52F1948}
		{DC8149C3-8D25-4AF1-98CD-9F3A71CA7725} = {AFBFCB7C-FEAF-493B-A327-FC4DA52F1948}
		{B1477CA4-A836-47B1-BC92-E7CB57924F24} = {AFBFCB7C-FEAF-493B-A327-FC4DA52F1948}
		{BDAC6C37-7DF5-444D-A5FF-90AEFD708FFF} = {24B1AC37-70C0-4031-825B-F9A75D2BA024}
		{5B5FE648-8A86-44F9-9BBE-BA917F8DB8F9} = {24B1AC37-70C0-4031-825B-F9A75D2BA024}
		{CC9C4D7F-78CE-4D8F-A062-0679A1FCF15C} = {24B1AC37-70C0-4031-825B-F9A75D2BA024}
		{EC6C43C9-5A67-46B6-A072-91B5C6D5F736} = {24B1AC37-70C0-4031-825B-F9A75D2BA024}
		{A7A9C3CD-B1A0-4DC7-B122-1B7DA95E2447} = {24B1AC37-70C0-4031-825B-F9A75D2BA024}
		{9B34598D-5134-42EF-9E97-94517A911DB8} = {24B1AC37-70C0-4031-825B-F9A75D2BA024}
		{9AF11D16-AD35-4EAA-AE99-8DFC819FC3EB} = {24B1AC37-70C0-4031-825B-F9A75D2BA024}
		{210C5D95-51FB-4924-A923-A65D46BE2E33} = {24B1AC37-70C0-4031-825B-F9A75D2BA024}
		{F21F0190-9D2E-4A1A-8FA7-4403546A6737} = {36BC8D6D-E2AC-4F25-BA01-4AA6F65FEE9B}
		{F875C01C-0157-4231-99C0-A1DDED0D03DC} = {36BC8D6D-E2AC-4F25-BA01-4AA6F65FEE9B}
		{E0392311-AA57-4383-9006-4C9F74A68F53} = {719F9C21-CC1B-49C6-9F57-69574299DA62}
		{6CCAFA37-C7C3-4410-BE34-C3DA632B5AE3} = {719F9C21-CC1B-49C6-9F57-69574299DA62}
		{FC7469EB-336D-4063-A68B-C536074821A7} = {719F9C21-CC1B-49C6-9F57-69574299DA62}
		{57C65B43-6E62-4344-AD42-A3CB9C37C59F} = {24B1AC37-70C0-4031-825B-F9A75D2BA024}
	EndGlobalSection
EndGlobal
